train:
  cmd: python train.py
  deps:
  - path: mymodel.py
    md5: c2bdd289b204555b3c7c263464a9e15e
  - path: train.py
    md5: 02d75f5c8d08989a4d77167382f04a48
  - path: users.csv
    md5: fadc70dff966edd21b3dd2b0c2755189
  params:
    params.yaml:
      epochs: 5
      log_file: logs.csv
  outs:
  - path: logs
    md5: c2a28bdc082eede79ce777c346fe6b12.dir
  - path: logs.csv
    md5: 2d4484036186378b423b233925d8b47c
  - path: summary.json
    md5: d20de1291437228f9206847c6634cb04
